// !$*UTF8*$!
{
	archiveVersion = 1;
	classes = {
	};
	objectVersion = 56;
	objects = {

/* Begin PBXBuildFile section */
		C31D90A62902C2BF006ABEA1 /* DataBaseManager.swift in Sources */ = {isa = PBXBuildFile; fileRef = C31D90A52902C2BF006ABEA1 /* DataBaseManager.swift */; };
		C31D90A82902C3B5006ABEA1 /* SavedGames.swift in Sources */ = {isa = PBXBuildFile; fileRef = C31D90A72902C3B5006ABEA1 /* SavedGames.swift */; };
		C31D90AB2902CB3C006ABEA1 /* SavedViewController.swift in Sources */ = {isa = PBXBuildFile; fileRef = C31D90AA2902CB3C006ABEA1 /* SavedViewController.swift */; };
		C31D90AF2902CBE1006ABEA1 /* SavedCollectionViewCell.swift in Sources */ = {isa = PBXBuildFile; fileRef = C31D90AD2902CBE1006ABEA1 /* SavedCollectionViewCell.swift */; };
		C31D90B02902CBE1006ABEA1 /* SavedCollectionViewCell.xib in Resources */ = {isa = PBXBuildFile; fileRef = C31D90AE2902CBE1006ABEA1 /* SavedCollectionViewCell.xib */; };
		C31D90B22902DC71006ABEA1 /* IDataBaseManager.swift in Sources */ = {isa = PBXBuildFile; fileRef = C31D90B12902DC71006ABEA1 /* IDataBaseManager.swift */; };
		C31D90BC2902F1A0006ABEA1 /* SavedViewModel.swift in Sources */ = {isa = PBXBuildFile; fileRef = C31D90BB2902F1A0006ABEA1 /* SavedViewModel.swift */; };
		C31D90BE29031FB2006ABEA1 /* ISavedViewModel.swift in Sources */ = {isa = PBXBuildFile; fileRef = C31D90BD29031FB2006ABEA1 /* ISavedViewModel.swift */; };
		C33983BA29086C00008D474D /* SearchCollectionViewCell.xib in Resources */ = {isa = PBXBuildFile; fileRef = C33983B829086C00008D474D /* SearchCollectionViewCell.xib */; };
		C33983BC29086E45008D474D /* SearchByPageCollectionViewCell.swift in Sources */ = {isa = PBXBuildFile; fileRef = C33983BB29086E45008D474D /* SearchByPageCollectionViewCell.swift */; };
		C344F19E28ED9BD900F02C76 /* GamesResponse.swift in Sources */ = {isa = PBXBuildFile; fileRef = C344F19D28ED9BD900F02C76 /* GamesResponse.swift */; };
		C344F1A028ED9BED00F02C76 /* GameDetail.swift in Sources */ = {isa = PBXBuildFile; fileRef = C344F19F28ED9BED00F02C76 /* GameDetail.swift */; };
		C3641FE628FB3A0F0093BD45 /* GameRedditResponse.swift in Sources */ = {isa = PBXBuildFile; fileRef = C3641FE528FB3A0F0093BD45 /* GameRedditResponse.swift */; };
		C372706728F58DC5008371F2 /* CategoryViewController.swift in Sources */ = {isa = PBXBuildFile; fileRef = C372706628F58DC5008371F2 /* CategoryViewController.swift */; };
		C3767A2429080C1D0069A637 /* UIView + Shimmer Extensions.swift in Sources */ = {isa = PBXBuildFile; fileRef = C3767A2329080C1D0069A637 /* UIView + Shimmer Extensions.swift */; };
		C38FF599290036D800DF80EA /* NewsCollectionViewCell.xib in Resources */ = {isa = PBXBuildFile; fileRef = C38FF5982900352D00DF80EA /* NewsCollectionViewCell.xib */; };
		C3A38CAA28F43230006CC79F /* GenresCollectionViewCell.swift in Sources */ = {isa = PBXBuildFile; fileRef = C3A38CA828F43230006CC79F /* GenresCollectionViewCell.swift */; };
		C3A38CAB28F43230006CC79F /* GenresCollectionViewCell.xib in Resources */ = {isa = PBXBuildFile; fileRef = C3A38CA928F43230006CC79F /* GenresCollectionViewCell.xib */; };
		C3A38CAD28F45DB9006CC79F /* GameStoreResponse.swift in Sources */ = {isa = PBXBuildFile; fileRef = C3A38CAC28F45DB9006CC79F /* GameStoreResponse.swift */; };
		C3AFDED128F0422500B89907 /* CustomTabBarController.swift in Sources */ = {isa = PBXBuildFile; fileRef = C3AFDED028F0422500B89907 /* CustomTabBarController.swift */; };
		C3AFDED528F0432400B89907 /* SearchViewController.swift in Sources */ = {isa = PBXBuildFile; fileRef = C3AFDED428F0432400B89907 /* SearchViewController.swift */; };
		C3AFDEDC28F0753C00B89907 /* MetaCriticCollectionViewCell.swift in Sources */ = {isa = PBXBuildFile; fileRef = C3AFDEDA28F0753C00B89907 /* MetaCriticCollectionViewCell.swift */; };
		C3AFDEDD28F0753C00B89907 /* MetaCriticCollectionViewCell.xib in Resources */ = {isa = PBXBuildFile; fileRef = C3AFDEDB28F0753C00B89907 /* MetaCriticCollectionViewCell.xib */; };
		C3AFDEDF28F090BC00B89907 /* DetailViewController.swift in Sources */ = {isa = PBXBuildFile; fileRef = C3AFDEDE28F090BC00B89907 /* DetailViewController.swift */; };
		C3B44CCB28F8A9C4002F99A6 /* SearchTableViewCell.swift in Sources */ = {isa = PBXBuildFile; fileRef = C3B44CC928F8A9C4002F99A6 /* SearchTableViewCell.swift */; };
		C3B44CCC28F8A9C4002F99A6 /* SearchTableViewCell.xib in Resources */ = {isa = PBXBuildFile; fileRef = C3B44CCA28F8A9C4002F99A6 /* SearchTableViewCell.xib */; };
		C3B76B2628EEE51D00C93A26 /* Alamofire in Frameworks */ = {isa = PBXBuildFile; productRef = C3B76B2528EEE51D00C93A26 /* Alamofire */; };
		C3B76B2828EEEE5E00C93A26 /* NetworkService.swift in Sources */ = {isa = PBXBuildFile; fileRef = C3B76B2728EEEE5E00C93A26 /* NetworkService.swift */; };
		C3B76B2C28EEF26E00C93A26 /* APIConstants.swift in Sources */ = {isa = PBXBuildFile; fileRef = C3B76B2B28EEF26E00C93A26 /* APIConstants.swift */; };
		C3B76B3228EEFAD500C93A26 /* SDWebImage in Frameworks */ = {isa = PBXBuildFile; productRef = C3B76B3128EEFAD500C93A26 /* SDWebImage */; };
		C3B76B3528EEFEFD00C93A26 /* UIView + Extensions.swift in Sources */ = {isa = PBXBuildFile; fileRef = C3B76B3428EEFEFD00C93A26 /* UIView + Extensions.swift */; };
		C3B76B3728EF05CA00C93A26 /* CustomTabBar.swift in Sources */ = {isa = PBXBuildFile; fileRef = C3B76B3628EF05CA00C93A26 /* CustomTabBar.swift */; };
		C3BD3F6828F5D22A00F9B817 /* CategoryCollectionViewCell.swift in Sources */ = {isa = PBXBuildFile; fileRef = C3BD3F6628F5D22A00F9B817 /* CategoryCollectionViewCell.swift */; };
		C3BD3F6928F5D22A00F9B817 /* CategoryCollectionViewCell.xib in Resources */ = {isa = PBXBuildFile; fileRef = C3BD3F6728F5D22A00F9B817 /* CategoryCollectionViewCell.xib */; };
		C3BD3F6C28F6096300F9B817 /* NewsCollectionViewCell.swift in Sources */ = {isa = PBXBuildFile; fileRef = C3BD3F6A28F6096300F9B817 /* NewsCollectionViewCell.swift */; };
		C3BD3F7128F60A1C00F9B817 /* GameNews.swift in Sources */ = {isa = PBXBuildFile; fileRef = C3BD3F7028F60A1C00F9B817 /* GameNews.swift */; };
		C3C105872900061200534077 /* HomeViewModel.swift in Sources */ = {isa = PBXBuildFile; fileRef = C3C105862900061200534077 /* HomeViewModel.swift */; };
		C3C1058B29001C7600534077 /* DetailViewModel.swift in Sources */ = {isa = PBXBuildFile; fileRef = C3C1058A29001C7600534077 /* DetailViewModel.swift */; };
		C3C1058D2900284300534077 /* NetworkServiceProtocol.swift in Sources */ = {isa = PBXBuildFile; fileRef = C3C1058C2900284300534077 /* NetworkServiceProtocol.swift */; };
		C3C105902900298A00534077 /* SearchViewModel.swift in Sources */ = {isa = PBXBuildFile; fileRef = C3C1058F2900298A00534077 /* SearchViewModel.swift */; };
		C3C10592290029AC00534077 /* HomeViewModelProtocol.swift in Sources */ = {isa = PBXBuildFile; fileRef = C3C10591290029AC00534077 /* HomeViewModelProtocol.swift */; };
		C3C10594290029C800534077 /* DetailViewModelProtocol.swift in Sources */ = {isa = PBXBuildFile; fileRef = C3C10593290029C800534077 /* DetailViewModelProtocol.swift */; };
		C3C1059629002E4200534077 /* SearchViewModelProtocol.swift in Sources */ = {isa = PBXBuildFile; fileRef = C3C1059529002E4200534077 /* SearchViewModelProtocol.swift */; };
		C3C1B24828FD7166000B0AE4 /* CustomLikeButton.swift in Sources */ = {isa = PBXBuildFile; fileRef = C3C1B24728FD7166000B0AE4 /* CustomLikeButton.swift */; };
		C3C1B24B28FD88A5000B0AE4 /* SkeletonView in Frameworks */ = {isa = PBXBuildFile; productRef = C3C1B24A28FD88A5000B0AE4 /* SkeletonView */; };
		C3C83C0128F3680800B06780 /* GameScreenShotResponse.swift in Sources */ = {isa = PBXBuildFile; fileRef = C3C83C0028F3680800B06780 /* GameScreenShotResponse.swift */; };
		C3C83C0428F371BF00B06780 /* ScreenShotCollectionViewCell.swift in Sources */ = {isa = PBXBuildFile; fileRef = C3C83C0228F371BF00B06780 /* ScreenShotCollectionViewCell.swift */; };
		C3C83C0528F371BF00B06780 /* ScreenShotCollectionViewCell.xib in Resources */ = {isa = PBXBuildFile; fileRef = C3C83C0328F371BF00B06780 /* ScreenShotCollectionViewCell.xib */; };
		C3C83C0728F3869900B06780 /* GameTrailerResponse.swift in Sources */ = {isa = PBXBuildFile; fileRef = C3C83C0628F3869900B06780 /* GameTrailerResponse.swift */; };
		C3D401B728F6E44700B20A92 /* SheetViewController.swift in Sources */ = {isa = PBXBuildFile; fileRef = C3D401B528F6E44700B20A92 /* SheetViewController.swift */; };
		C3D401BA28F6E54700B20A92 /* Sheet.storyboard in Resources */ = {isa = PBXBuildFile; fileRef = C3D401B928F6E54700B20A92 /* Sheet.storyboard */; };
		C3DE10CA28EC7B5E00568560 /* AppDelegate.swift in Sources */ = {isa = PBXBuildFile; fileRef = C3DE10C928EC7B5E00568560 /* AppDelegate.swift */; };
		C3DE10CC28EC7B5E00568560 /* SceneDelegate.swift in Sources */ = {isa = PBXBuildFile; fileRef = C3DE10CB28EC7B5E00568560 /* SceneDelegate.swift */; };
		C3DE10CE28EC7B5E00568560 /* HomeViewController.swift in Sources */ = {isa = PBXBuildFile; fileRef = C3DE10CD28EC7B5E00568560 /* HomeViewController.swift */; };
		C3DE10D128EC7B5E00568560 /* Main.storyboard in Resources */ = {isa = PBXBuildFile; fileRef = C3DE10CF28EC7B5E00568560 /* Main.storyboard */; };
		C3DE10D628EC7B5E00568560 /* Assets.xcassets in Resources */ = {isa = PBXBuildFile; fileRef = C3DE10D528EC7B5E00568560 /* Assets.xcassets */; };
		C3DE10D928EC7B5E00568560 /* LaunchScreen.storyboard in Resources */ = {isa = PBXBuildFile; fileRef = C3DE10D728EC7B5E00568560 /* LaunchScreen.storyboard */; };
		C3DE10E328EC90ED00568560 /* TopRatedCollectionViewCell.swift in Sources */ = {isa = PBXBuildFile; fileRef = C3DE10E128EC90ED00568560 /* TopRatedCollectionViewCell.swift */; };
		C3DE10E428EC90ED00568560 /* TopRatedCollectionViewCell.xib in Resources */ = {isa = PBXBuildFile; fileRef = C3DE10E228EC90ED00568560 /* TopRatedCollectionViewCell.xib */; };
		C3F0DE4F28F35FC200FE0F07 /* EndPoints.swift in Sources */ = {isa = PBXBuildFile; fileRef = C3F0DE4E28F35FC200FE0F07 /* EndPoints.swift */; };
		E729130D94832434EE3E3A6F /* Pods_GameFame.framework in Frameworks */ = {isa = PBXBuildFile; fileRef = B3AF683B89AB245690B55809 /* Pods_GameFame.framework */; };
/* End PBXBuildFile section */

/* Begin PBXFileReference section */
		8388CC5D4D9906B986ECCC1C /* Pods-GameFame.release.xcconfig */ = {isa = PBXFileReference; includeInIndex = 1; lastKnownFileType = text.xcconfig; name = "Pods-GameFame.release.xcconfig"; path = "Target Support Files/Pods-GameFame/Pods-GameFame.release.xcconfig"; sourceTree = "<group>"; };
		88E341A27CA038EF14809022 /* Pods-GameFame.debug.xcconfig */ = {isa = PBXFileReference; includeInIndex = 1; lastKnownFileType = text.xcconfig; name = "Pods-GameFame.debug.xcconfig"; path = "Target Support Files/Pods-GameFame/Pods-GameFame.debug.xcconfig"; sourceTree = "<group>"; };
		B3AF683B89AB245690B55809 /* Pods_GameFame.framework */ = {isa = PBXFileReference; explicitFileType = wrapper.framework; includeInIndex = 0; path = Pods_GameFame.framework; sourceTree = BUILT_PRODUCTS_DIR; };
		C31D90A52902C2BF006ABEA1 /* DataBaseManager.swift */ = {isa = PBXFileReference; lastKnownFileType = sourcecode.swift; path = DataBaseManager.swift; sourceTree = "<group>"; };
		C31D90A72902C3B5006ABEA1 /* SavedGames.swift */ = {isa = PBXFileReference; lastKnownFileType = sourcecode.swift; path = SavedGames.swift; sourceTree = "<group>"; };
		C31D90AA2902CB3C006ABEA1 /* SavedViewController.swift */ = {isa = PBXFileReference; lastKnownFileType = sourcecode.swift; path = SavedViewController.swift; sourceTree = "<group>"; };
		C31D90AD2902CBE1006ABEA1 /* SavedCollectionViewCell.swift */ = {isa = PBXFileReference; lastKnownFileType = sourcecode.swift; path = SavedCollectionViewCell.swift; sourceTree = "<group>"; };
		C31D90AE2902CBE1006ABEA1 /* SavedCollectionViewCell.xib */ = {isa = PBXFileReference; lastKnownFileType = file.xib; path = SavedCollectionViewCell.xib; sourceTree = "<group>"; };
		C31D90B12902DC71006ABEA1 /* IDataBaseManager.swift */ = {isa = PBXFileReference; lastKnownFileType = sourcecode.swift; path = IDataBaseManager.swift; sourceTree = "<group>"; };
		C31D90BB2902F1A0006ABEA1 /* SavedViewModel.swift */ = {isa = PBXFileReference; lastKnownFileType = sourcecode.swift; path = SavedViewModel.swift; sourceTree = "<group>"; };
		C31D90BD29031FB2006ABEA1 /* ISavedViewModel.swift */ = {isa = PBXFileReference; lastKnownFileType = sourcecode.swift; path = ISavedViewModel.swift; sourceTree = "<group>"; };
		C33983B829086C00008D474D /* SearchCollectionViewCell.xib */ = {isa = PBXFileReference; lastKnownFileType = file.xib; path = SearchCollectionViewCell.xib; sourceTree = "<group>"; };
		C33983BB29086E45008D474D /* SearchByPageCollectionViewCell.swift */ = {isa = PBXFileReference; lastKnownFileType = sourcecode.swift; path = SearchByPageCollectionViewCell.swift; sourceTree = "<group>"; };
		C344F19D28ED9BD900F02C76 /* GamesResponse.swift */ = {isa = PBXFileReference; lastKnownFileType = sourcecode.swift; path = GamesResponse.swift; sourceTree = "<group>"; };
		C344F19F28ED9BED00F02C76 /* GameDetail.swift */ = {isa = PBXFileReference; lastKnownFileType = sourcecode.swift; path = GameDetail.swift; sourceTree = "<group>"; };
		C3641FE528FB3A0F0093BD45 /* GameRedditResponse.swift */ = {isa = PBXFileReference; lastKnownFileType = sourcecode.swift; path = GameRedditResponse.swift; sourceTree = "<group>"; };
		C372706628F58DC5008371F2 /* CategoryViewController.swift */ = {isa = PBXFileReference; lastKnownFileType = sourcecode.swift; path = CategoryViewController.swift; sourceTree = "<group>"; };
		C3767A2329080C1D0069A637 /* UIView + Shimmer Extensions.swift */ = {isa = PBXFileReference; lastKnownFileType = sourcecode.swift; path = "UIView + Shimmer Extensions.swift"; sourceTree = "<group>"; };
		C38FF5982900352D00DF80EA /* NewsCollectionViewCell.xib */ = {isa = PBXFileReference; lastKnownFileType = file.xib; path = NewsCollectionViewCell.xib; sourceTree = "<group>"; };
		C3A38CA828F43230006CC79F /* GenresCollectionViewCell.swift */ = {isa = PBXFileReference; lastKnownFileType = sourcecode.swift; path = GenresCollectionViewCell.swift; sourceTree = "<group>"; };
		C3A38CA928F43230006CC79F /* GenresCollectionViewCell.xib */ = {isa = PBXFileReference; lastKnownFileType = file.xib; path = GenresCollectionViewCell.xib; sourceTree = "<group>"; };
		C3A38CAC28F45DB9006CC79F /* GameStoreResponse.swift */ = {isa = PBXFileReference; lastKnownFileType = sourcecode.swift; path = GameStoreResponse.swift; sourceTree = "<group>"; };
		C3AFDED028F0422500B89907 /* CustomTabBarController.swift */ = {isa = PBXFileReference; lastKnownFileType = sourcecode.swift; path = CustomTabBarController.swift; sourceTree = "<group>"; };
		C3AFDED428F0432400B89907 /* SearchViewController.swift */ = {isa = PBXFileReference; lastKnownFileType = sourcecode.swift; path = SearchViewController.swift; sourceTree = "<group>"; };
		C3AFDEDA28F0753C00B89907 /* MetaCriticCollectionViewCell.swift */ = {isa = PBXFileReference; lastKnownFileType = sourcecode.swift; path = MetaCriticCollectionViewCell.swift; sourceTree = "<group>"; };
		C3AFDEDB28F0753C00B89907 /* MetaCriticCollectionViewCell.xib */ = {isa = PBXFileReference; lastKnownFileType = file.xib; path = MetaCriticCollectionViewCell.xib; sourceTree = "<group>"; };
		C3AFDEDE28F090BC00B89907 /* DetailViewController.swift */ = {isa = PBXFileReference; lastKnownFileType = sourcecode.swift; path = DetailViewController.swift; sourceTree = "<group>"; };
		C3B44CC928F8A9C4002F99A6 /* SearchTableViewCell.swift */ = {isa = PBXFileReference; lastKnownFileType = sourcecode.swift; path = SearchTableViewCell.swift; sourceTree = "<group>"; };
		C3B44CCA28F8A9C4002F99A6 /* SearchTableViewCell.xib */ = {isa = PBXFileReference; lastKnownFileType = file.xib; path = SearchTableViewCell.xib; sourceTree = "<group>"; };
		C3B76B2728EEEE5E00C93A26 /* NetworkService.swift */ = {isa = PBXFileReference; lastKnownFileType = sourcecode.swift; path = NetworkService.swift; sourceTree = "<group>"; };
		C3B76B2B28EEF26E00C93A26 /* APIConstants.swift */ = {isa = PBXFileReference; lastKnownFileType = sourcecode.swift; path = APIConstants.swift; sourceTree = "<group>"; };
		C3B76B3428EEFEFD00C93A26 /* UIView + Extensions.swift */ = {isa = PBXFileReference; lastKnownFileType = sourcecode.swift; path = "UIView + Extensions.swift"; sourceTree = "<group>"; };
		C3B76B3628EF05CA00C93A26 /* CustomTabBar.swift */ = {isa = PBXFileReference; lastKnownFileType = sourcecode.swift; path = CustomTabBar.swift; sourceTree = "<group>"; };
		C3BD3F6628F5D22A00F9B817 /* CategoryCollectionViewCell.swift */ = {isa = PBXFileReference; lastKnownFileType = sourcecode.swift; path = CategoryCollectionViewCell.swift; sourceTree = "<group>"; };
		C3BD3F6728F5D22A00F9B817 /* CategoryCollectionViewCell.xib */ = {isa = PBXFileReference; lastKnownFileType = file.xib; path = CategoryCollectionViewCell.xib; sourceTree = "<group>"; };
		C3BD3F6A28F6096300F9B817 /* NewsCollectionViewCell.swift */ = {isa = PBXFileReference; lastKnownFileType = sourcecode.swift; path = NewsCollectionViewCell.swift; sourceTree = "<group>"; };
		C3BD3F7028F60A1C00F9B817 /* GameNews.swift */ = {isa = PBXFileReference; lastKnownFileType = sourcecode.swift; path = GameNews.swift; sourceTree = "<group>"; };
		C3C105862900061200534077 /* HomeViewModel.swift */ = {isa = PBXFileReference; lastKnownFileType = sourcecode.swift; path = HomeViewModel.swift; sourceTree = "<group>"; };
		C3C1058A29001C7600534077 /* DetailViewModel.swift */ = {isa = PBXFileReference; lastKnownFileType = sourcecode.swift; path = DetailViewModel.swift; sourceTree = "<group>"; };
		C3C1058C2900284300534077 /* NetworkServiceProtocol.swift */ = {isa = PBXFileReference; lastKnownFileType = sourcecode.swift; path = NetworkServiceProtocol.swift; sourceTree = "<group>"; };
		C3C1058F2900298A00534077 /* SearchViewModel.swift */ = {isa = PBXFileReference; lastKnownFileType = sourcecode.swift; path = SearchViewModel.swift; sourceTree = "<group>"; };
		C3C10591290029AC00534077 /* HomeViewModelProtocol.swift */ = {isa = PBXFileReference; lastKnownFileType = sourcecode.swift; path = HomeViewModelProtocol.swift; sourceTree = "<group>"; };
		C3C10593290029C800534077 /* DetailViewModelProtocol.swift */ = {isa = PBXFileReference; lastKnownFileType = sourcecode.swift; path = DetailViewModelProtocol.swift; sourceTree = "<group>"; };
		C3C1059529002E4200534077 /* SearchViewModelProtocol.swift */ = {isa = PBXFileReference; lastKnownFileType = sourcecode.swift; path = SearchViewModelProtocol.swift; sourceTree = "<group>"; };
		C3C1B24728FD7166000B0AE4 /* CustomLikeButton.swift */ = {isa = PBXFileReference; lastKnownFileType = sourcecode.swift; path = CustomLikeButton.swift; sourceTree = "<group>"; };
		C3C83C0028F3680800B06780 /* GameScreenShotResponse.swift */ = {isa = PBXFileReference; lastKnownFileType = sourcecode.swift; path = GameScreenShotResponse.swift; sourceTree = "<group>"; };
		C3C83C0228F371BF00B06780 /* ScreenShotCollectionViewCell.swift */ = {isa = PBXFileReference; lastKnownFileType = sourcecode.swift; path = ScreenShotCollectionViewCell.swift; sourceTree = "<group>"; };
		C3C83C0328F371BF00B06780 /* ScreenShotCollectionViewCell.xib */ = {isa = PBXFileReference; lastKnownFileType = file.xib; path = ScreenShotCollectionViewCell.xib; sourceTree = "<group>"; };
		C3C83C0628F3869900B06780 /* GameTrailerResponse.swift */ = {isa = PBXFileReference; lastKnownFileType = sourcecode.swift; path = GameTrailerResponse.swift; sourceTree = "<group>"; };
		C3D401B528F6E44700B20A92 /* SheetViewController.swift */ = {isa = PBXFileReference; lastKnownFileType = sourcecode.swift; path = SheetViewController.swift; sourceTree = "<group>"; };
		C3D401B928F6E54700B20A92 /* Sheet.storyboard */ = {isa = PBXFileReference; lastKnownFileType = file.storyboard; path = Sheet.storyboard; sourceTree = "<group>"; };
		C3DE10C628EC7B5E00568560 /* GameFame.app */ = {isa = PBXFileReference; explicitFileType = wrapper.application; includeInIndex = 0; path = GameFame.app; sourceTree = BUILT_PRODUCTS_DIR; };
		C3DE10C928EC7B5E00568560 /* AppDelegate.swift */ = {isa = PBXFileReference; lastKnownFileType = sourcecode.swift; path = AppDelegate.swift; sourceTree = "<group>"; };
		C3DE10CB28EC7B5E00568560 /* SceneDelegate.swift */ = {isa = PBXFileReference; lastKnownFileType = sourcecode.swift; path = SceneDelegate.swift; sourceTree = "<group>"; };
		C3DE10CD28EC7B5E00568560 /* HomeViewController.swift */ = {isa = PBXFileReference; lastKnownFileType = sourcecode.swift; path = HomeViewController.swift; sourceTree = "<group>"; };
		C3DE10D028EC7B5E00568560 /* Base */ = {isa = PBXFileReference; lastKnownFileType = file.storyboard; name = Base; path = Base.lproj/Main.storyboard; sourceTree = "<group>"; };
		C3DE10D528EC7B5E00568560 /* Assets.xcassets */ = {isa = PBXFileReference; lastKnownFileType = folder.assetcatalog; path = Assets.xcassets; sourceTree = "<group>"; };
		C3DE10D828EC7B5E00568560 /* Base */ = {isa = PBXFileReference; lastKnownFileType = file.storyboard; name = Base; path = Base.lproj/LaunchScreen.storyboard; sourceTree = "<group>"; };
		C3DE10DA28EC7B5E00568560 /* Info.plist */ = {isa = PBXFileReference; lastKnownFileType = text.plist.xml; path = Info.plist; sourceTree = "<group>"; };
		C3DE10E128EC90ED00568560 /* TopRatedCollectionViewCell.swift */ = {isa = PBXFileReference; lastKnownFileType = sourcecode.swift; path = TopRatedCollectionViewCell.swift; sourceTree = "<group>"; };
		C3DE10E228EC90ED00568560 /* TopRatedCollectionViewCell.xib */ = {isa = PBXFileReference; lastKnownFileType = file.xib; path = TopRatedCollectionViewCell.xib; sourceTree = "<group>"; };
		C3F0DE4E28F35FC200FE0F07 /* EndPoints.swift */ = {isa = PBXFileReference; lastKnownFileType = sourcecode.swift; path = EndPoints.swift; sourceTree = "<group>"; };
/* End PBXFileReference section */

/* Begin PBXFrameworksBuildPhase section */
		C3DE10C328EC7B5E00568560 /* Frameworks */ = {
			isa = PBXFrameworksBuildPhase;
			buildActionMask = 2147483647;
			files = (
				C3C1B24B28FD88A5000B0AE4 /* SkeletonView in Frameworks */,
				C3B76B3228EEFAD500C93A26 /* SDWebImage in Frameworks */,
				E729130D94832434EE3E3A6F /* Pods_GameFame.framework in Frameworks */,
				C3B76B2628EEE51D00C93A26 /* Alamofire in Frameworks */,
			);
			runOnlyForDeploymentPostprocessing = 0;
		};
/* End PBXFrameworksBuildPhase section */

/* Begin PBXGroup section */
		93054433AE1928D6DF5799F1 /* Frameworks */ = {
			isa = PBXGroup;
			children = (
				B3AF683B89AB245690B55809 /* Pods_GameFame.framework */,
			);
			name = Frameworks;
			sourceTree = "<group>";
		};
		C3165D21290030DC006B9BE0 /* Category */ = {
			isa = PBXGroup;
			children = (
				C3BD3F6628F5D22A00F9B817 /* CategoryCollectionViewCell.swift */,
				C3BD3F6728F5D22A00F9B817 /* CategoryCollectionViewCell.xib */,
			);
			path = Category;
			sourceTree = "<group>";
		};
		C3165D2229003126006B9BE0 /* Category */ = {
			isa = PBXGroup;
			children = (
				C372706628F58DC5008371F2 /* CategoryViewController.swift */,
			);
			path = Category;
			sourceTree = "<group>";
		};
		C3165D2429003144006B9BE0 /* Sheet */ = {
			isa = PBXGroup;
			children = (
				C3D401B528F6E44700B20A92 /* SheetViewController.swift */,
				C3D401B928F6E54700B20A92 /* Sheet.storyboard */,
			);
			path = Sheet;
			sourceTree = "<group>";
		};
		C3165D2529003157006B9BE0 /* Search */ = {
			isa = PBXGroup;
			children = (
				C3B44CC928F8A9C4002F99A6 /* SearchTableViewCell.swift */,
				C3B44CCA28F8A9C4002F99A6 /* SearchTableViewCell.xib */,
			);
			path = Search;
			sourceTree = "<group>";
		};
		C31D90A92902CB19006ABEA1 /* Saved */ = {
			isa = PBXGroup;
			children = (
				C31D90AA2902CB3C006ABEA1 /* SavedViewController.swift */,
				C31D90BB2902F1A0006ABEA1 /* SavedViewModel.swift */,
				C31D90BD29031FB2006ABEA1 /* ISavedViewModel.swift */,
			);
			path = Saved;
			sourceTree = "<group>";
		};
		C31D90AC2902CBCE006ABEA1 /* Saved */ = {
			isa = PBXGroup;
			children = (
				C31D90AD2902CBE1006ABEA1 /* SavedCollectionViewCell.swift */,
				C31D90AE2902CBE1006ABEA1 /* SavedCollectionViewCell.xib */,
			);
			path = Saved;
			sourceTree = "<group>";
		};
		C344F19328ED95F700F02C76 /* Network */ = {
			isa = PBXGroup;
			children = (
				C3B76B2728EEEE5E00C93A26 /* NetworkService.swift */,
				C3C1058C2900284300534077 /* NetworkServiceProtocol.swift */,
				C3B76B2B28EEF26E00C93A26 /* APIConstants.swift */,
				C3F0DE4E28F35FC200FE0F07 /* EndPoints.swift */,
			);
			path = Network;
			sourceTree = "<group>";
		};
		C344F19428ED95FD00F02C76 /* Model */ = {
			isa = PBXGroup;
			children = (
				C3BD3F6F28F60A0200F9B817 /* GameNewModels */,
				C3BD3F6E28F609E900F9B817 /* GameModels */,
			);
			path = Model;
			sourceTree = "<group>";
		};
		C3A0F88C2902B47D00D87CAD /* Realm */ = {
			isa = PBXGroup;
			children = (
				C31D90A52902C2BF006ABEA1 /* DataBaseManager.swift */,
				C31D90B12902DC71006ABEA1 /* IDataBaseManager.swift */,
				C31D90A72902C3B5006ABEA1 /* SavedGames.swift */,
			);
			path = Realm;
			sourceTree = "<group>";
		};
		C3AFDED828F04A2E00B89907 /* CustomTabBar */ = {
			isa = PBXGroup;
			children = (
				C3AFDED028F0422500B89907 /* CustomTabBarController.swift */,
				C3B76B3628EF05CA00C93A26 /* CustomTabBar.swift */,
			);
			path = CustomTabBar;
			sourceTree = "<group>";
		};
		C3AFDED928F0752000B89907 /* Metacritic */ = {
			isa = PBXGroup;
			children = (
				C3AFDEDA28F0753C00B89907 /* MetaCriticCollectionViewCell.swift */,
				C3AFDEDB28F0753C00B89907 /* MetaCriticCollectionViewCell.xib */,
			);
			path = Metacritic;
			sourceTree = "<group>";
		};
		C3B76B3328EEFEDA00C93A26 /* Utils */ = {
			isa = PBXGroup;
			children = (
				C3B76B3428EEFEFD00C93A26 /* UIView + Extensions.swift */,
				C3C1B24728FD7166000B0AE4 /* CustomLikeButton.swift */,
				C3767A2329080C1D0069A637 /* UIView + Shimmer Extensions.swift */,
			);
			path = Utils;
			sourceTree = "<group>";
		};
		C3BD3F6E28F609E900F9B817 /* GameModels */ = {
			isa = PBXGroup;
			children = (
				C344F19D28ED9BD900F02C76 /* GamesResponse.swift */,
				C344F19F28ED9BED00F02C76 /* GameDetail.swift */,
				C3C83C0028F3680800B06780 /* GameScreenShotResponse.swift */,
				C3C83C0628F3869900B06780 /* GameTrailerResponse.swift */,
				C3A38CAC28F45DB9006CC79F /* GameStoreResponse.swift */,
				C3641FE528FB3A0F0093BD45 /* GameRedditResponse.swift */,
			);
			path = GameModels;
			sourceTree = "<group>";
		};
		C3BD3F6F28F60A0200F9B817 /* GameNewModels */ = {
			isa = PBXGroup;
			children = (
				C3BD3F7028F60A1C00F9B817 /* GameNews.swift */,
			);
			path = GameNewModels;
			sourceTree = "<group>";
		};
		C3C10588290015E100534077 /* Home */ = {
			isa = PBXGroup;
			children = (
				C3C10591290029AC00534077 /* HomeViewModelProtocol.swift */,
				C3C105862900061200534077 /* HomeViewModel.swift */,
				C3DE10CD28EC7B5E00568560 /* HomeViewController.swift */,
			);
			path = Home;
			sourceTree = "<group>";
		};
		C3C1058929001C6600534077 /* Detail */ = {
			isa = PBXGroup;
			children = (
				C3AFDEDE28F090BC00B89907 /* DetailViewController.swift */,
				C3C1058A29001C7600534077 /* DetailViewModel.swift */,
				C3C10593290029C800534077 /* DetailViewModelProtocol.swift */,
			);
			path = Detail;
			sourceTree = "<group>";
		};
		C3C1058E2900297E00534077 /* Search */ = {
			isa = PBXGroup;
			children = (
				C3AFDED428F0432400B89907 /* SearchViewController.swift */,
				C3C1059529002E4200534077 /* SearchViewModelProtocol.swift */,
				C3C1058F2900298A00534077 /* SearchViewModel.swift */,
			);
			path = Search;
			sourceTree = "<group>";
		};
		C3C1059729002EB500534077 /* Genres */ = {
			isa = PBXGroup;
			children = (
				C3A38CA828F43230006CC79F /* GenresCollectionViewCell.swift */,
				C3A38CA928F43230006CC79F /* GenresCollectionViewCell.xib */,
			);
			path = Genres;
			sourceTree = "<group>";
		};
		C3C1059829002EC700534077 /* ScreenShots */ = {
			isa = PBXGroup;
			children = (
				C3C83C0228F371BF00B06780 /* ScreenShotCollectionViewCell.swift */,
				C3C83C0328F371BF00B06780 /* ScreenShotCollectionViewCell.xib */,
			);
			name = ScreenShots;
			path = Metacritic/ScreenShots;
			sourceTree = "<group>";
		};
		C3C1059929002F1700534077 /* News */ = {
			isa = PBXGroup;
			children = (
				C3BD3F6A28F6096300F9B817 /* NewsCollectionViewCell.swift */,
				C38FF5982900352D00DF80EA /* NewsCollectionViewCell.xib */,
			);
			path = News;
			sourceTree = "<group>";
		};
		C3CDB91528ECAA6000AD0612 /* TopRated */ = {
			isa = PBXGroup;
			children = (
				C3DE10E128EC90ED00568560 /* TopRatedCollectionViewCell.swift */,
				C3DE10E228EC90ED00568560 /* TopRatedCollectionViewCell.xib */,
			);
			path = TopRated;
			sourceTree = "<group>";
		};
		C3CDB91B28ECABB900AD0612 /* TableViewCells */ = {
			isa = PBXGroup;
			children = (
				C3165D2529003157006B9BE0 /* Search */,
			);
			path = TableViewCells;
			sourceTree = "<group>";
		};
		C3DE10BD28EC7B5E00568560 = {
			isa = PBXGroup;
			children = (
				C3DE10C828EC7B5E00568560 /* GameFame */,
				C3DE10C728EC7B5E00568560 /* Products */,
				D1C92967954C460E3FE8F5E6 /* Pods */,
				93054433AE1928D6DF5799F1 /* Frameworks */,
			);
			sourceTree = "<group>";
		};
		C3DE10C728EC7B5E00568560 /* Products */ = {
			isa = PBXGroup;
			children = (
				C3DE10C628EC7B5E00568560 /* GameFame.app */,
			);
			name = Products;
			sourceTree = "<group>";
		};
		C3DE10C828EC7B5E00568560 /* GameFame */ = {
			isa = PBXGroup;
			children = (
				C3A0F88C2902B47D00D87CAD /* Realm */,
				C3AFDED828F04A2E00B89907 /* CustomTabBar */,
				C3B76B3328EEFEDA00C93A26 /* Utils */,
				C344F19428ED95FD00F02C76 /* Model */,
				C344F19328ED95F700F02C76 /* Network */,
				C3DE10E028EC8F4E00568560 /* CustomCells */,
				C3C1058929001C6600534077 /* Detail */,
				C3C10588290015E100534077 /* Home */,
				C3C1058E2900297E00534077 /* Search */,
				C31D90A92902CB19006ABEA1 /* Saved */,
				C3165D2229003126006B9BE0 /* Category */,
				C3165D2429003144006B9BE0 /* Sheet */,
				C3DE10CF28EC7B5E00568560 /* Main.storyboard */,
				C3DE10D728EC7B5E00568560 /* LaunchScreen.storyboard */,
				C3DE10C928EC7B5E00568560 /* AppDelegate.swift */,
				C33983BB29086E45008D474D /* SearchByPageCollectionViewCell.swift */,
				C33983B829086C00008D474D /* SearchCollectionViewCell.xib */,
				C3DE10CB28EC7B5E00568560 /* SceneDelegate.swift */,
				C3DE10DA28EC7B5E00568560 /* Info.plist */,
				C3DE10D528EC7B5E00568560 /* Assets.xcassets */,
			);
			path = GameFame;
			sourceTree = "<group>";
		};
		C3DE10E028EC8F4E00568560 /* CustomCells */ = {
			isa = PBXGroup;
			children = (
				C3DE10E528EC9CA600568560 /* CollectionViewCells */,
				C3CDB91B28ECABB900AD0612 /* TableViewCells */,
			);
			path = CustomCells;
			sourceTree = "<group>";
		};
		C3DE10E528EC9CA600568560 /* CollectionViewCells */ = {
			isa = PBXGroup;
			children = (
				C31D90AC2902CBCE006ABEA1 /* Saved */,
				C3165D21290030DC006B9BE0 /* Category */,
				C3C1059929002F1700534077 /* News */,
				C3AFDED928F0752000B89907 /* Metacritic */,
				C3CDB91528ECAA6000AD0612 /* TopRated */,
				C3C1059829002EC700534077 /* ScreenShots */,
				C3C1059729002EB500534077 /* Genres */,
			);
			path = CollectionViewCells;
			sourceTree = "<group>";
		};
		D1C92967954C460E3FE8F5E6 /* Pods */ = {
			isa = PBXGroup;
			children = (
				88E341A27CA038EF14809022 /* Pods-GameFame.debug.xcconfig */,
				8388CC5D4D9906B986ECCC1C /* Pods-GameFame.release.xcconfig */,
			);
			path = Pods;
			sourceTree = "<group>";
		};
/* End PBXGroup section */

/* Begin PBXNativeTarget section */
		C3DE10C528EC7B5E00568560 /* GameFame */ = {
			isa = PBXNativeTarget;
			buildConfigurationList = C3DE10DD28EC7B5E00568560 /* Build configuration list for PBXNativeTarget "GameFame" */;
			buildPhases = (
				06E5A1467C0F497CFCC7F438 /* [CP] Check Pods Manifest.lock */,
				C3DE10C228EC7B5E00568560 /* Sources */,
				C3DE10C328EC7B5E00568560 /* Frameworks */,
				C3DE10C428EC7B5E00568560 /* Resources */,
				24D07EE21A7C2CFC2179AB87 /* [CP] Embed Pods Frameworks */,
			);
			buildRules = (
			);
			dependencies = (
			);
			name = GameFame;
			packageProductDependencies = (
				C3B76B2528EEE51D00C93A26 /* Alamofire */,
				C3B76B3128EEFAD500C93A26 /* SDWebImage */,
				C3C1B24A28FD88A5000B0AE4 /* SkeletonView */,
			);
			productName = GameFame;
			productReference = C3DE10C628EC7B5E00568560 /* GameFame.app */;
			productType = "com.apple.product-type.application";
		};
/* End PBXNativeTarget section */

/* Begin PBXProject section */
		C3DE10BE28EC7B5E00568560 /* Project object */ = {
			isa = PBXProject;
			attributes = {
				BuildIndependentTargetsInParallel = 1;
				LastSwiftUpdateCheck = 1400;
				LastUpgradeCheck = 1400;
				TargetAttributes = {
					C3DE10C528EC7B5E00568560 = {
						CreatedOnToolsVersion = 14.0.1;
					};
				};
			};
			buildConfigurationList = C3DE10C128EC7B5E00568560 /* Build configuration list for PBXProject "GameFame" */;
			compatibilityVersion = "Xcode 14.0";
			developmentRegion = en;
			hasScannedForEncodings = 0;
			knownRegions = (
				en,
				Base,
			);
			mainGroup = C3DE10BD28EC7B5E00568560;
			packageReferences = (
				C3B76B2428EEE51D00C93A26 /* XCRemoteSwiftPackageReference "Alamofire" */,
				C3B76B3028EEFAD500C93A26 /* XCRemoteSwiftPackageReference "SDWebImage" */,
				C3C1B24928FD88A5000B0AE4 /* XCRemoteSwiftPackageReference "SkeletonView" */,
			);
			productRefGroup = C3DE10C728EC7B5E00568560 /* Products */;
			projectDirPath = "";
			projectRoot = "";
			targets = (
				C3DE10C528EC7B5E00568560 /* GameFame */,
			);
		};
/* End PBXProject section */

/* Begin PBXResourcesBuildPhase section */
		C3DE10C428EC7B5E00568560 /* Resources */ = {
			isa = PBXResourcesBuildPhase;
			buildActionMask = 2147483647;
			files = (
				C38FF599290036D800DF80EA /* NewsCollectionViewCell.xib in Resources */,
				C3DE10E428EC90ED00568560 /* TopRatedCollectionViewCell.xib in Resources */,
				C3AFDEDD28F0753C00B89907 /* MetaCriticCollectionViewCell.xib in Resources */,
				C31D90B02902CBE1006ABEA1 /* SavedCollectionViewCell.xib in Resources */,
				C3DE10D928EC7B5E00568560 /* LaunchScreen.storyboard in Resources */,
				C3D401BA28F6E54700B20A92 /* Sheet.storyboard in Resources */,
				C3A38CAB28F43230006CC79F /* GenresCollectionViewCell.xib in Resources */,
				C3C83C0528F371BF00B06780 /* ScreenShotCollectionViewCell.xib in Resources */,
				C3DE10D628EC7B5E00568560 /* Assets.xcassets in Resources */,
				C3DE10D128EC7B5E00568560 /* Main.storyboard in Resources */,
				C33983BA29086C00008D474D /* SearchCollectionViewCell.xib in Resources */,
				C3BD3F6928F5D22A00F9B817 /* CategoryCollectionViewCell.xib in Resources */,
				C3B44CCC28F8A9C4002F99A6 /* SearchTableViewCell.xib in Resources */,
			);
			runOnlyForDeploymentPostprocessing = 0;
		};
/* End PBXResourcesBuildPhase section */

/* Begin PBXShellScriptBuildPhase section */
		06E5A1467C0F497CFCC7F438 /* [CP] Check Pods Manifest.lock */ = {
			isa = PBXShellScriptBuildPhase;
			buildActionMask = 2147483647;
			files = (
			);
			inputFileListPaths = (
			);
			inputPaths = (
				"${PODS_PODFILE_DIR_PATH}/Podfile.lock",
				"${PODS_ROOT}/Manifest.lock",
			);
			name = "[CP] Check Pods Manifest.lock";
			outputFileListPaths = (
			);
			outputPaths = (
				"$(DERIVED_FILE_DIR)/Pods-GameFame-checkManifestLockResult.txt",
			);
			runOnlyForDeploymentPostprocessing = 0;
			shellPath = /bin/sh;
			shellScript = "diff \"${PODS_PODFILE_DIR_PATH}/Podfile.lock\" \"${PODS_ROOT}/Manifest.lock\" > /dev/null\nif [ $? != 0 ] ; then\n    # print error to STDERR\n    echo \"error: The sandbox is not in sync with the Podfile.lock. Run 'pod install' or update your CocoaPods installation.\" >&2\n    exit 1\nfi\n# This output is used by Xcode 'outputs' to avoid re-running this script phase.\necho \"SUCCESS\" > \"${SCRIPT_OUTPUT_FILE_0}\"\n";
			showEnvVarsInLog = 0;
		};
		24D07EE21A7C2CFC2179AB87 /* [CP] Embed Pods Frameworks */ = {
			isa = PBXShellScriptBuildPhase;
			buildActionMask = 2147483647;
			files = (
			);
			inputFileListPaths = (
				"${PODS_ROOT}/Target Support Files/Pods-GameFame/Pods-GameFame-frameworks-${CONFIGURATION}-input-files.xcfilelist",
			);
			name = "[CP] Embed Pods Frameworks";
			outputFileListPaths = (
				"${PODS_ROOT}/Target Support Files/Pods-GameFame/Pods-GameFame-frameworks-${CONFIGURATION}-output-files.xcfilelist",
			);
			runOnlyForDeploymentPostprocessing = 0;
			shellPath = /bin/sh;
			shellScript = "\"${PODS_ROOT}/Target Support Files/Pods-GameFame/Pods-GameFame-frameworks.sh\"\n";
			showEnvVarsInLog = 0;
		};
/* End PBXShellScriptBuildPhase section */

/* Begin PBXSourcesBuildPhase section */
		C3DE10C228EC7B5E00568560 /* Sources */ = {
			isa = PBXSourcesBuildPhase;
			buildActionMask = 2147483647;
			files = (
				C3AFDED528F0432400B89907 /* SearchViewController.swift in Sources */,
				C3B76B2828EEEE5E00C93A26 /* NetworkService.swift in Sources */,
				C3DE10E328EC90ED00568560 /* TopRatedCollectionViewCell.swift in Sources */,
				C31D90A62902C2BF006ABEA1 /* DataBaseManager.swift in Sources */,
				C3C105902900298A00534077 /* SearchViewModel.swift in Sources */,
				C3BD3F6828F5D22A00F9B817 /* CategoryCollectionViewCell.swift in Sources */,
				C3A38CAA28F43230006CC79F /* GenresCollectionViewCell.swift in Sources */,
				C3D401B728F6E44700B20A92 /* SheetViewController.swift in Sources */,
				C3B76B3728EF05CA00C93A26 /* CustomTabBar.swift in Sources */,
				C3F0DE4F28F35FC200FE0F07 /* EndPoints.swift in Sources */,
				C3C1059629002E4200534077 /* SearchViewModelProtocol.swift in Sources */,
				C31D90BE29031FB2006ABEA1 /* ISavedViewModel.swift in Sources */,
				C3BD3F7128F60A1C00F9B817 /* GameNews.swift in Sources */,
				C3C10592290029AC00534077 /* HomeViewModelProtocol.swift in Sources */,
				C31D90A82902C3B5006ABEA1 /* SavedGames.swift in Sources */,
				C3AFDEDC28F0753C00B89907 /* MetaCriticCollectionViewCell.swift in Sources */,
				C3A38CAD28F45DB9006CC79F /* GameStoreResponse.swift in Sources */,
				C3B76B3528EEFEFD00C93A26 /* UIView + Extensions.swift in Sources */,
				C3AFDEDF28F090BC00B89907 /* DetailViewController.swift in Sources */,
				C3BD3F6C28F6096300F9B817 /* NewsCollectionViewCell.swift in Sources */,
				C3C83C0728F3869900B06780 /* GameTrailerResponse.swift in Sources */,
				C372706728F58DC5008371F2 /* CategoryViewController.swift in Sources */,
				C344F1A028ED9BED00F02C76 /* GameDetail.swift in Sources */,
				C3AFDED128F0422500B89907 /* CustomTabBarController.swift in Sources */,
				C3C105872900061200534077 /* HomeViewModel.swift in Sources */,
				C3DE10CE28EC7B5E00568560 /* HomeViewController.swift in Sources */,
				C3641FE628FB3A0F0093BD45 /* GameRedditResponse.swift in Sources */,
				C31D90AB2902CB3C006ABEA1 /* SavedViewController.swift in Sources */,
				C31D90AF2902CBE1006ABEA1 /* SavedCollectionViewCell.swift in Sources */,
				C3C1B24828FD7166000B0AE4 /* CustomLikeButton.swift in Sources */,
				C3B76B2C28EEF26E00C93A26 /* APIConstants.swift in Sources */,
				C3DE10CA28EC7B5E00568560 /* AppDelegate.swift in Sources */,
				C344F19E28ED9BD900F02C76 /* GamesResponse.swift in Sources */,
				C3767A2429080C1D0069A637 /* UIView + Shimmer Extensions.swift in Sources */,
				C3C1058B29001C7600534077 /* DetailViewModel.swift in Sources */,
				C3DE10CC28EC7B5E00568560 /* SceneDelegate.swift in Sources */,
				C3C1058D2900284300534077 /* NetworkServiceProtocol.swift in Sources */,
				C33983BC29086E45008D474D /* SearchByPageCollectionViewCell.swift in Sources */,
				C3C83C0128F3680800B06780 /* GameScreenShotResponse.swift in Sources */,
				C3B44CCB28F8A9C4002F99A6 /* SearchTableViewCell.swift in Sources */,
				C3C83C0428F371BF00B06780 /* ScreenShotCollectionViewCell.swift in Sources */,
				C3C10594290029C800534077 /* DetailViewModelProtocol.swift in Sources */,
				C31D90BC2902F1A0006ABEA1 /* SavedViewModel.swift in Sources */,
				C31D90B22902DC71006ABEA1 /* IDataBaseManager.swift in Sources */,
			);
			runOnlyForDeploymentPostprocessing = 0;
		};
/* End PBXSourcesBuildPhase section */

/* Begin PBXVariantGroup section */
		C3DE10CF28EC7B5E00568560 /* Main.storyboard */ = {
			isa = PBXVariantGroup;
			children = (
				C3DE10D028EC7B5E00568560 /* Base */,
			);
			name = Main.storyboard;
			sourceTree = "<group>";
		};
		C3DE10D728EC7B5E00568560 /* LaunchScreen.storyboard */ = {
			isa = PBXVariantGroup;
			children = (
				C3DE10D828EC7B5E00568560 /* Base */,
			);
			name = LaunchScreen.storyboard;
			sourceTree = "<group>";
		};
/* End PBXVariantGroup section */

/* Begin XCBuildConfiguration section */
		C3DE10DB28EC7B5E00568560 /* Debug */ = {
			isa = XCBuildConfiguration;
			buildSettings = {
				ALWAYS_SEARCH_USER_PATHS = NO;
				CLANG_ANALYZER_NONNULL = YES;
				CLANG_ANALYZER_NUMBER_OBJECT_CONVERSION = YES_AGGRESSIVE;
				CLANG_CXX_LANGUAGE_STANDARD = "gnu++20";
				CLANG_ENABLE_MODULES = YES;
				CLANG_ENABLE_OBJC_ARC = YES;
				CLANG_ENABLE_OBJC_WEAK = YES;
				CLANG_WARN_BLOCK_CAPTURE_AUTORELEASING = YES;
				CLANG_WARN_BOOL_CONVERSION = YES;
				CLANG_WARN_COMMA = YES;
				CLANG_WARN_CONSTANT_CONVERSION = YES;
				CLANG_WARN_DEPRECATED_OBJC_IMPLEMENTATIONS = YES;
				CLANG_WARN_DIRECT_OBJC_ISA_USAGE = YES_ERROR;
				CLANG_WARN_DOCUMENTATION_COMMENTS = YES;
				CLANG_WARN_EMPTY_BODY = YES;
				CLANG_WARN_ENUM_CONVERSION = YES;
				CLANG_WARN_INFINITE_RECURSION = YES;
				CLANG_WARN_INT_CONVERSION = YES;
				CLANG_WARN_NON_LITERAL_NULL_CONVERSION = YES;
				CLANG_WARN_OBJC_IMPLICIT_RETAIN_SELF = YES;
				CLANG_WARN_OBJC_LITERAL_CONVERSION = YES;
				CLANG_WARN_OBJC_ROOT_CLASS = YES_ERROR;
				CLANG_WARN_QUOTED_INCLUDE_IN_FRAMEWORK_HEADER = YES;
				CLANG_WARN_RANGE_LOOP_ANALYSIS = YES;
				CLANG_WARN_STRICT_PROTOTYPES = YES;
				CLANG_WARN_SUSPICIOUS_MOVE = YES;
				CLANG_WARN_UNGUARDED_AVAILABILITY = YES_AGGRESSIVE;
				CLANG_WARN_UNREACHABLE_CODE = YES;
				CLANG_WARN__DUPLICATE_METHOD_MATCH = YES;
				COPY_PHASE_STRIP = NO;
				DEBUG_INFORMATION_FORMAT = dwarf;
				ENABLE_STRICT_OBJC_MSGSEND = YES;
				ENABLE_TESTABILITY = YES;
				GCC_C_LANGUAGE_STANDARD = gnu11;
				GCC_DYNAMIC_NO_PIC = NO;
				GCC_NO_COMMON_BLOCKS = YES;
				GCC_OPTIMIZATION_LEVEL = 0;
				GCC_PREPROCESSOR_DEFINITIONS = (
					"DEBUG=1",
					"$(inherited)",
				);
				GCC_WARN_64_TO_32_BIT_CONVERSION = YES;
				GCC_WARN_ABOUT_RETURN_TYPE = YES_ERROR;
				GCC_WARN_UNDECLARED_SELECTOR = YES;
				GCC_WARN_UNINITIALIZED_AUTOS = YES_AGGRESSIVE;
				GCC_WARN_UNUSED_FUNCTION = YES;
				GCC_WARN_UNUSED_VARIABLE = YES;
				IPHONEOS_DEPLOYMENT_TARGET = 15.0;
				MTL_ENABLE_DEBUG_INFO = INCLUDE_SOURCE;
				MTL_FAST_MATH = YES;
				ONLY_ACTIVE_ARCH = YES;
				SDKROOT = iphoneos;
				SWIFT_ACTIVE_COMPILATION_CONDITIONS = DEBUG;
				SWIFT_OPTIMIZATION_LEVEL = "-Onone";
			};
			name = Debug;
		};
		C3DE10DC28EC7B5E00568560 /* Release */ = {
			isa = XCBuildConfiguration;
			buildSettings = {
				ALWAYS_SEARCH_USER_PATHS = NO;
				CLANG_ANALYZER_NONNULL = YES;
				CLANG_ANALYZER_NUMBER_OBJECT_CONVERSION = YES_AGGRESSIVE;
				CLANG_CXX_LANGUAGE_STANDARD = "gnu++20";
				CLANG_ENABLE_MODULES = YES;
				CLANG_ENABLE_OBJC_ARC = YES;
				CLANG_ENABLE_OBJC_WEAK = YES;
				CLANG_WARN_BLOCK_CAPTURE_AUTORELEASING = YES;
				CLANG_WARN_BOOL_CONVERSION = YES;
				CLANG_WARN_COMMA = YES;
				CLANG_WARN_CONSTANT_CONVERSION = YES;
				CLANG_WARN_DEPRECATED_OBJC_IMPLEMENTATIONS = YES;
				CLANG_WARN_DIRECT_OBJC_ISA_USAGE = YES_ERROR;
				CLANG_WARN_DOCUMENTATION_COMMENTS = YES;
				CLANG_WARN_EMPTY_BODY = YES;
				CLANG_WARN_ENUM_CONVERSION = YES;
				CLANG_WARN_INFINITE_RECURSION = YES;
				CLANG_WARN_INT_CONVERSION = YES;
				CLANG_WARN_NON_LITERAL_NULL_CONVERSION = YES;
				CLANG_WARN_OBJC_IMPLICIT_RETAIN_SELF = YES;
				CLANG_WARN_OBJC_LITERAL_CONVERSION = YES;
				CLANG_WARN_OBJC_ROOT_CLASS = YES_ERROR;
				CLANG_WARN_QUOTED_INCLUDE_IN_FRAMEWORK_HEADER = YES;
				CLANG_WARN_RANGE_LOOP_ANALYSIS = YES;
				CLANG_WARN_STRICT_PROTOTYPES = YES;
				CLANG_WARN_SUSPICIOUS_MOVE = YES;
				CLANG_WARN_UNGUARDED_AVAILABILITY = YES_AGGRESSIVE;
				CLANG_WARN_UNREACHABLE_CODE = YES;
				CLANG_WARN__DUPLICATE_METHOD_MATCH = YES;
				COPY_PHASE_STRIP = NO;
				DEBUG_INFORMATION_FORMAT = "dwarf-with-dsym";
				ENABLE_NS_ASSERTIONS = NO;
				ENABLE_STRICT_OBJC_MSGSEND = YES;
				GCC_C_LANGUAGE_STANDARD = gnu11;
				GCC_NO_COMMON_BLOCKS = YES;
				GCC_WARN_64_TO_32_BIT_CONVERSION = YES;
				GCC_WARN_ABOUT_RETURN_TYPE = YES_ERROR;
				GCC_WARN_UNDECLARED_SELECTOR = YES;
				GCC_WARN_UNINITIALIZED_AUTOS = YES_AGGRESSIVE;
				GCC_WARN_UNUSED_FUNCTION = YES;
				GCC_WARN_UNUSED_VARIABLE = YES;
				IPHONEOS_DEPLOYMENT_TARGET = 15.0;
				MTL_ENABLE_DEBUG_INFO = NO;
				MTL_FAST_MATH = YES;
				SDKROOT = iphoneos;
				SWIFT_COMPILATION_MODE = wholemodule;
				SWIFT_OPTIMIZATION_LEVEL = "-O";
				VALIDATE_PRODUCT = YES;
			};
			name = Release;
		};
		C3DE10DE28EC7B5E00568560 /* Debug */ = {
			isa = XCBuildConfiguration;
			baseConfigurationReference = 88E341A27CA038EF14809022 /* Pods-GameFame.debug.xcconfig */;
			buildSettings = {
				ASSETCATALOG_COMPILER_APPICON_NAME = AppIcon;
				ASSETCATALOG_COMPILER_GLOBAL_ACCENT_COLOR_NAME = AccentColor;
				CODE_SIGN_STYLE = Automatic;
				CURRENT_PROJECT_VERSION = 1;
				DEVELOPMENT_TEAM = GZZP766Y22;
				GENERATE_INFOPLIST_FILE = YES;
				INFOPLIST_FILE = GameFame/Info.plist;
				INFOPLIST_KEY_UIApplicationSupportsIndirectInputEvents = YES;
				INFOPLIST_KEY_UILaunchStoryboardName = LaunchScreen;
				INFOPLIST_KEY_UIMainStoryboardFile = Main;
				INFOPLIST_KEY_UISupportedInterfaceOrientations_iPad = "UIInterfaceOrientationPortrait UIInterfaceOrientationPortraitUpsideDown UIInterfaceOrientationLandscapeLeft UIInterfaceOrientationLandscapeRight";
				INFOPLIST_KEY_UISupportedInterfaceOrientations_iPhone = "UIInterfaceOrientationPortrait UIInterfaceOrientationLandscapeLeft UIInterfaceOrientationLandscapeRight";
				LD_RUNPATH_SEARCH_PATHS = (
					"$(inherited)",
					"@executable_path/Frameworks",
				);
				MARKETING_VERSION = 1.0;
				PRODUCT_BUNDLE_IDENTIFIER = com.erdempapakci.GameFame;
				PRODUCT_NAME = "$(TARGET_NAME)";
				SWIFT_EMIT_LOC_STRINGS = YES;
				SWIFT_VERSION = 5.0;
				TARGETED_DEVICE_FAMILY = "1,2";
			};
			name = Debug;
		};
		C3DE10DF28EC7B5E00568560 /* Release */ = {
			isa = XCBuildConfiguration;
			baseConfigurationReference = 8388CC5D4D9906B986ECCC1C /* Pods-GameFame.release.xcconfig */;
			buildSettings = {
				ASSETCATALOG_COMPILER_APPICON_NAME = AppIcon;
				ASSETCATALOG_COMPILER_GLOBAL_ACCENT_COLOR_NAME = AccentColor;
				CODE_SIGN_STYLE = Automatic;
				CURRENT_PROJECT_VERSION = 1;
				DEVELOPMENT_TEAM = GZZP766Y22;
				GENERATE_INFOPLIST_FILE = YES;
				INFOPLIST_FILE = GameFame/Info.plist;
				INFOPLIST_KEY_UIApplicationSupportsIndirectInputEvents = YES;
				INFOPLIST_KEY_UILaunchStoryboardName = LaunchScreen;
				INFOPLIST_KEY_UIMainStoryboardFile = Main;
				INFOPLIST_KEY_UISupportedInterfaceOrientations_iPad = "UIInterfaceOrientationPortrait UIInterfaceOrientationPortraitUpsideDown UIInterfaceOrientationLandscapeLeft UIInterfaceOrientationLandscapeRight";
				INFOPLIST_KEY_UISupportedInterfaceOrientations_iPhone = "UIInterfaceOrientationPortrait UIInterfaceOrientationLandscapeLeft UIInterfaceOrientationLandscapeRight";
				LD_RUNPATH_SEARCH_PATHS = (
					"$(inherited)",
					"@executable_path/Frameworks",
				);
				MARKETING_VERSION = 1.0;
				PRODUCT_BUNDLE_IDENTIFIER = com.erdempapakci.GameFame;
				PRODUCT_NAME = "$(TARGET_NAME)";
				SWIFT_EMIT_LOC_STRINGS = YES;
				SWIFT_VERSION = 5.0;
				TARGETED_DEVICE_FAMILY = "1,2";
			};
			name = Release;
		};
/* End XCBuildConfiguration section */

/* Begin XCConfigurationList section */
		C3DE10C128EC7B5E00568560 /* Build configuration list for PBXProject "GameFame" */ = {
			isa = XCConfigurationList;
			buildConfigurations = (
				C3DE10DB28EC7B5E00568560 /* Debug */,
				C3DE10DC28EC7B5E00568560 /* Release */,
			);
			defaultConfigurationIsVisible = 0;
			defaultConfigurationName = Release;
		};
		C3DE10DD28EC7B5E00568560 /* Build configuration list for PBXNativeTarget "GameFame" */ = {
			isa = XCConfigurationList;
			buildConfigurations = (
				C3DE10DE28EC7B5E00568560 /* Debug */,
				C3DE10DF28EC7B5E00568560 /* Release */,
			);
			defaultConfigurationIsVisible = 0;
			defaultConfigurationName = Release;
		};
/* End XCConfigurationList section */

/* Begin XCRemoteSwiftPackageReference section */
		C3B76B2428EEE51D00C93A26 /* XCRemoteSwiftPackageReference "Alamofire" */ = {
			isa = XCRemoteSwiftPackageReference;
			repositoryURL = "https://github.com/Alamofire/Alamofire.git";
			requirement = {
				branch = master;
				kind = branch;
			};
		};
		C3B76B3028EEFAD500C93A26 /* XCRemoteSwiftPackageReference "SDWebImage" */ = {
			isa = XCRemoteSwiftPackageReference;
			repositoryURL = "https://github.com/SDWebImage/SDWebImage.git";
			requirement = {
				branch = master;
				kind = branch;
			};
		};
		C3C1B24928FD88A5000B0AE4 /* XCRemoteSwiftPackageReference "SkeletonView" */ = {
			isa = XCRemoteSwiftPackageReference;
			repositoryURL = "https://github.com/Juanpe/SkeletonView.git";
			requirement = {
				branch = main;
				kind = branch;
			};
		};
/* End XCRemoteSwiftPackageReference section */

/* Begin XCSwiftPackageProductDependency section */
		C3B76B2528EEE51D00C93A26 /* Alamofire */ = {
			isa = XCSwiftPackageProductDependency;
			package = C3B76B2428EEE51D00C93A26 /* XCRemoteSwiftPackageReference "Alamofire" */;
			productName = Alamofire;
		};
		C3B76B3128EEFAD500C93A26 /* SDWebImage */ = {
			isa = XCSwiftPackageProductDependency;
			package = C3B76B3028EEFAD500C93A26 /* XCRemoteSwiftPackageReference "SDWebImage" */;
			productName = SDWebImage;
		};
		C3C1B24A28FD88A5000B0AE4 /* SkeletonView */ = {
			isa = XCSwiftPackageProductDependency;
			package = C3C1B24928FD88A5000B0AE4 /* XCRemoteSwiftPackageReference "SkeletonView" */;
			productName = SkeletonView;
		};
/* End XCSwiftPackageProductDependency section */
	};
	rootObject = C3DE10BE28EC7B5E00568560 /* Project object */;
}
